
Microsoft Visual Studio Solution File, Format Version 12.00
# Visual Studio 14
VisualStudioVersion = 14.0.25420.1
MinimumVisualStudioVersion = 10.0.40219.1
Project("{FAE04EC0-301F-11D3-BF4B-00C04F79EFBC}") = "POSTerminal.ConsoleUI", "POSTerminal.ConsoleUI\POSTerminal.ConsoleUI.csproj", "{180F536B-0C9D-425F-97AB-A0BB228CF080}"
EndProject
Project("{FAE04EC0-301F-11D3-BF4B-00C04F79EFBC}") = "POSTerminal.Core", "POSTerminal.Core\POSTerminal.Core.csproj", "{6DA4B141-615A-4D1C-8525-F4AB34AEA34E}"
EndProject
Project("{FAE04EC0-301F-11D3-BF4B-00C04F79EFBC}") = "POSTerminal.Tests", "POSTerminal.Tests\POSTerminal.Tests.csproj", "{067456C0-086C-46A8-B37F-1405717B7BFC}"
EndProject
Project("{FAE04EC0-301F-11D3-BF4B-00C04F79EFBC}") = "POSTerminal.Domain", "POSTerminal.Domain\POSTerminal.Domain.csproj", "{D455F46A-A789-4D7F-A257-CCAEC159DD6A}"
EndProject
Project("{FAE04EC0-301F-11D3-BF4B-00C04F79EFBC}") = "POSTerminal.DataLayer", "POSTerminal.DataLayer\POSTerminal.DataLayer.csproj", "{5B3316DC-8387-4AEF-B7DF-9E5B8C5C7506}"
EndProject
Global
	GlobalSection(SolutionConfigurationPlatforms) = preSolution
		Debug|Any CPU = Debug|Any CPU
		Release|Any CPU = Release|Any CPU
	EndGlobalSection
	GlobalSection(ProjectConfigurationPlatforms) = postSolution
		{180F536B-0C9D-425F-97AB-A0BB228CF080}.Debug|Any CPU.ActiveCfg = Debug|Any CPU
		{180F536B-0C9D-425F-97AB-A0BB228CF080}.Debug|Any CPU.Build.0 = Debug|Any CPU
		{180F536B-0C9D-425F-97AB-A0BB228CF080}.Release|Any CPU.ActiveCfg = Release|Any CPU
		{180F536B-0C9D-425F-97AB-A0BB228CF080}.Release|Any CPU.Build.0 = Release|Any CPU
		{6DA4B141-615A-4D1C-8525-F4AB34AEA34E}.Debug|Any CPU.ActiveCfg = Debug|Any CPU
		{6DA4B141-615A-4D1C-8525-F4AB34AEA34E}.Debug|Any CPU.Build.0 = Debug|Any CPU
		{6DA4B141-615A-4D1C-8525-F4AB34AEA34E}.Release|Any CPU.ActiveCfg = Release|Any CPU
		{6DA4B141-615A-4D1C-8525-F4AB34AEA34E}.Release|Any CPU.Build.0 = Release|Any CPU
		{067456C0-086C-46A8-B37F-1405717B7BFC}.Debug|Any CPU.ActiveCfg = Debug|Any CPU
		{067456C0-086C-46A8-B37F-1405717B7BFC}.Debug|Any CPU.Build.0 = Debug|Any CPU
		{067456C0-086C-46A8-B37F-1405717B7BFC}.Release|Any CPU.ActiveCfg = Release|Any CPU
		{067456C0-086C-46A8-B37F-1405717B7BFC}.Release|Any CPU.Build.0 = Release|Any CPU
		{D455F46A-A789-4D7F-A257-CCAEC159DD6A}.Debug|Any CPU.ActiveCfg = Debug|Any CPU
		{D455F46A-A789-4D7F-A257-CCAEC159DD6A}.Debug|Any CPU.Build.0 = Debug|Any CPU
		{D455F46A-A789-4D7F-A257-CCAEC159DD6A}.Release|Any CPU.ActiveCfg = Release|Any CPU
		{D455F46A-A789-4D7F-A257-CCAEC159DD6A}.Release|Any CPU.Build.0 = Release|Any CPU
		{5B3316DC-8387-4AEF-B7DF-9E5B8C5C7506}.Debug|Any CPU.ActiveCfg = Debug|Any CPU
		{5B3316DC-8387-4AEF-B7DF-9E5B8C5C7506}.Debug|Any CPU.Build.0 = Debug|Any CPU
		{5B3316DC-8387-4AEF-B7DF-9E5B8C5C7506}.Release|Any CPU.ActiveCfg = Release|Any CPU
		{5B3316DC-8387-4AEF-B7DF-9E5B8C5C7506}.Release|Any CPU.Build.0 = Release|Any CPU
	EndGlobalSection
	GlobalSection(SolutionProperties) = preSolution
		HideSolutionNode = FALSE
	EndGlobalSection
	GlobalSection(ExtensibilityGlobals) = postSolution
		SolutionGuid = {50559C9E-F68A-4AFE-8682-61F076C95B1A}
	EndGlobalSection
EndGlobal
